# SPDX-License-Identifier: (GPL-2.0-only OR BSD-2-Clause)
%YAML 1.2
---
$id: http://devicetree.org/schemas/clock/cix,sky1-audss-clock.yaml#
$schema: http://devicetree.org/meta-schemas/core.yaml#

title: Cix Sky1 audio subsystem clock controller

maintainers:
  - Joakim Zhang <joakim.zhang@cixtech.com>

description: |
  Clock provider for the Cix Sky1 audio subsystem (AUDSS).

  This node is a child of a cix,sky1-audss-system-control syscon node
  (see cix,sky1-system-control.yaml). It does not have a reg property; clock
  mux, divider and gate fields are accessed through the parent register block.

  Software reset lines for AUDSS blocks are exposed on the parent syscon via
  #reset-cells (provider). Reset indices are defined in
  include/dt-bindings/reset/cix,sky1-audss-system-control.h.

  Four SoC-level reference clocks listed in clocks/clock-names feed the AUDSS
  clock tree. The provider exposes the internal AUDSS clocks to other devices
  via #clock-cells; indices are defined in cix,sky1-audss-clock.h.

  The parent cix,sky1-audss-system-control node describes the SoC syscon
  NoC (or bus) reset via resets and the audio subsystem power domain via
  power-domains.

properties:
  compatible:
    const: cix,sky1-audss-clock

  '#clock-cells':
    const: 1
    description:
      Clock indices are defined in include/dt-bindings/clock/cix,sky1-audss-clock.h.

  clocks:
    items:
      - description: I2S parent clock for sampling rates multiple of 8kHz.
      - description: I2S parent clock for sampling rates multiple of 11.025kHz.
      - description: clock feeding most devices in audss (NOC, DSP, SRAM, HDA, DMAC, I2S, and Mailbox).
      - description: clock feeding for HDA, Timer and Watchdog, which is a dedicated 48MHz clock.

  clock-names:
    items:
      - const: x8k
      - const: x11k
      - const: sys
      - const: 48m

required:
  - compatible
  - '#clock-cells'
  - clocks
  - clock-names

additionalProperties: false

examples:
  - |
    #include <dt-bindings/clock/cix,sky1.h>

    clock-controller {
        compatible = "cix,sky1-audss-clock";
        #clock-cells = <1>;
        clocks = <&scmi_clk CLK_TREE_AUDIO_CLK0>, <&scmi_clk CLK_TREE_AUDIO_CLK2>,
                 <&scmi_clk CLK_TREE_AUDIO_CLK4>, <&scmi_clk CLK_TREE_AUDIO_CLK5>;
        clock-names = "x8k", "x11k", "sys", "48m";
    };
