# SPDX-License-Identifier: (GPL-2.0-only OR BSD-2-Clause)
%YAML 1.2
---
$id: http://devicetree.org/schemas/clock/eswin,eic7700-clock.yaml#
$schema: http://devicetree.org/meta-schemas/core.yaml#

title: Eswin EIC7700 SoC clock controller

maintainers:
  - Yifeng Huang <huangyifeng@eswincomputing.com>
  - Xuyang Dong <dongxuyang@eswincomputing.com>

description: |
  The clock controller registers are part of the syscrg block on
  eic7700 SoC.

properties:
  compatible:
    oneOf:
      - items:
          - const: eswin,eic7700-clock

  '#clock-cells':
    const: 1

required:
  - compatible
  - '#clock-cells'

additionalProperties: false

examples:
  - |
    #include <dt-bindings/clock/eswin,eic7700-clock.h>

    sys_crg: sys-crg@51828000 {
        compatible = "syscon", "simple-mfd";
        reg = <0x000000 0x51828000 0x000000 0x80000>;
        clock: clock-controller {
            compatible = "eswin,eic7700-clock";
            #clock-cells = <1>;
        };
    };
