# SPDX-License-Identifier: (GPL-2.0 OR BSD-2-Clause)
%YAML 1.2
---
$id: http://devicetree.org/schemas/clock/mediatek,mt6685-clock.yaml#
$schema: http://devicetree.org/meta-schemas/core.yaml#

title: MediaTek Clock Controller for MT6685 SPMI PM/Clock IC

maintainers:
  - AngeloGioacchino Del Regno <angelogioacchino.delregno@collabora.com>

description: |
  The clock architecture in MediaTek PMICs+Clock ICs is structured like below:
  Crystal(XO) or Internal ClockGen -->
          dividers -->
                  muxes -->
                          clock gate

  This device provides clock gate control in different IP blocks.

properties:
  compatible:
    const: mediatek,mt6685-sck-top

  reg:
    maxItems: 1

  '#clock-cells':
    const: 1

required:
  - compatible
  - reg
  - '#clock-cells'

additionalProperties: false
